
Microsoft Visual Studio Solution File, Format Version 12.00
# Visual Studio Express 15 for Windows Desktop
VisualStudioVersion = 15.0.35116.124
MinimumVisualStudioVersion = 10.0.40219.1
Project("{8BC9CEB8-8B4A-11D0-8D11-00A0C91BC942}") = "Project75", "Project75\Project75.vcxproj", "{297F50D1-A75A-481B-8A33-02BE52C55D88}"
EndProject
Global
	GlobalSection(SolutionConfigurationPlatforms) = preSolution
		Debug|x64 = Debug|x64
		Debug|x86 = Debug|x86
		Release|x64 = Release|x64
		Release|x86 = Release|x86
	EndGlobalSection
	GlobalSection(ProjectConfigurationPlatforms) = postSolution
		{297F50D1-A75A-481B-8A33-02BE52C55D88}.Debug|x64.ActiveCfg = Debug|x64
		{297F50D1-A75A-481B-8A33-02BE52C55D88}.Debug|x64.Build.0 = Debug|x64
		{297F50D1-A75A-481B-8A33-02BE52C55D88}.Debug|x86.ActiveCfg = Debug|x64
		{297F50D1-A75A-481B-8A33-02BE52C55D88}.Debug|x86.Build.0 = Debug|x64
		{297F50D1-A75A-481B-8A33-02BE52C55D88}.Release|x64.ActiveCfg = Release|x64
		{297F50D1-A75A-481B-8A33-02BE52C55D88}.Release|x64.Build.0 = Release|x64
		{297F50D1-A75A-481B-8A33-02BE52C55D88}.Release|x86.ActiveCfg = Release|Win32
		{297F50D1-A75A-481B-8A33-02BE52C55D88}.Release|x86.Build.0 = Release|Win32
	EndGlobalSection
	GlobalSection(SolutionProperties) = preSolution
		HideSolutionNode = FALSE
	EndGlobalSection
	GlobalSection(ExtensibilityGlobals) = postSolution
		SolutionGuid = {AD89DAFB-99AE-4839-BEE2-E535BD345F99}
	EndGlobalSection
EndGlobal
